// !$*UTF8*$!
{
	archiveVersion = 1;
	classes = {
	};
	objectVersion = 46;
	objects = {

/* Begin PBXBuildFile section */
		2268233E15DA0B820016E520 /* main.cpp in Sources */ = {isa = PBXBuildFile; fileRef = 2268233D15DA0B820016E520 /* main.cpp */; };
/* End PBXBuildFile section */

/* Begin PBXCopyFilesBuildPhase section */
		22183B7115D8888A00C7567A /* CopyFiles */ = {
			isa = PBXCopyFilesBuildPhase;
			buildActionMask = 2147483647;
			dstPath = /usr/share/man/man1/;
			dstSubfolderSpec = 0;
			files = (
			);
			runOnlyForDeploymentPostprocessing = 1;
		};
/* End PBXCopyFilesBuildPhase section */

/* Begin PBXFileReference section */
		22183B7315D8888A00C7567A /* integration */ = {isa = PBXFileReference; explicitFileType = "compiled.mach-o.executable"; includeInIndex = 0; path = integration; sourceTree = BUILT_PRODUCTS_DIR; };
		2268233D15DA0B820016E520 /* main.cpp */ = {isa = PBXFileReference; fileEncoding = 4; lastKnownFileType = sourcecode.cpp.cpp; name = main.cpp; path = ../../src/main.cpp; sourceTree = SOURCE_ROOT; };
/* End PBXFileReference section */

/* Begin PBXFrameworksBuildPhase section */
		22183B7015D8888A00C7567A /* Frameworks */ = {
			isa = PBXFrameworksBuildPhase;
			buildActionMask = 2147483647;
			files = (
			);
			runOnlyForDeploymentPostprocessing = 0;
		};
/* End PBXFrameworksBuildPhase section */

/* Begin PBXGroup section */
		22183B6815D8888A00C7567A = {
			isa = PBXGroup;
			children = (
				22183B7615D8888A00C7567A /* integration */,
				22183B7415D8888A00C7567A /* Products */,
			);
			sourceTree = "<group>";
		};
		22183B7415D8888A00C7567A /* Products */ = {
			isa = PBXGroup;
			children = (
				22183B7315D8888A00C7567A /* integration */,
			);
			name = Products;
			sourceTree = "<group>";
		};
		22183B7615D8888A00C7567A /* integration */ = {
			isa = PBXGroup;
			children = (
				2268233D15DA0B820016E520 /* main.cpp */,
			);
			path = integration;
			sourceTree = "<group>";
		};
/* End PBXGroup section */

/* Begin PBXNativeTarget section */
		22183B7215D8888A00C7567A /* integration */ = {
			isa = PBXNativeTarget;
			buildConfigurationList = 22183B7D15D8888A00C7567A /* Build configuration list for PBXNativeTarget "integration" */;
			buildPhases = (
				22183B6F15D8888A00C7567A /* Sources */,
				22183B7015D8888A00C7567A /* Frameworks */,
				22183B7115D8888A00C7567A /* CopyFiles */,
			);
			buildRules = (
			);
			dependencies = (
			);
			name = integration;
			productName = integration;
			productReference = 22183B7315D8888A00C7567A /* integration */;
			productType = "com.apple.product-type.tool";
		};
/* End PBXNativeTarget section */

/* Begin PBXProject section */
		22183B6A15D8888A00C7567A /* Project object */ = {
			isa = PBXProject;
			attributes = {
				LastUpgradeCheck = 0420;
			};
			buildConfigurationList = 22183B6D15D8888A00C7567A /* Build configuration list for PBXProject "integration" */;
			compatibilityVersion = "Xcode 3.2";
			developmentRegion = English;
			hasScannedForEncodings = 0;
			knownRegions = (
				en,
			);
			mainGroup = 22183B6815D8888A00C7567A;
			productRefGroup = 22183B7415D8888A00C7567A /* Products */;
			projectDirPath = "";
			projectRoot = "";
			targets = (
				22183B7215D8888A00C7567A /* integration */,
			);
		};
/* End PBXProject section */

/* Begin PBXSourcesBuildPhase section */
		22183B6F15D8888A00C7567A /* Sources */ = {
			isa = PBXSourcesBuildPhase;
			buildActionMask = 2147483647;
			files = (
				2268233E15DA0B820016E520 /* main.cpp in Sources */,
			);
			runOnlyForDeploymentPostprocessing = 0;
		};
/* End PBXSourcesBuildPhase section */

/* Begin XCBuildConfiguration section */
		22183B7B15D8888A00C7567A /* Debug */ = {
			isa = XCBuildConfiguration;
			buildSettings = {
				ALWAYS_SEARCH_USER_PATHS = NO;
				ARCHS = "$(ARCHS_STANDARD_64_BIT)";
				COPY_PHASE_STRIP = NO;
				GCC_C_LANGUAGE_STANDARD = gnu99;
				GCC_DYNAMIC_NO_PIC = NO;
				GCC_ENABLE_OBJC_EXCEPTIONS = YES;
				GCC_OPTIMIZATION_LEVEL = 0;
				GCC_PREPROCESSOR_DEFINITIONS = (
					"DEBUG=1",
					"$(inherited)",
				);
				GCC_SYMBOLS_PRIVATE_EXTERN = NO;
				GCC_VERSION = com.apple.compilers.llvm.clang.1_0;
				GCC_WARN_64_TO_32_BIT_CONVERSION = YES;
				GCC_WARN_ABOUT_MISSING_PROTOTYPES = YES;
				GCC_WARN_ABOUT_RETURN_TYPE = YES;
				GCC_WARN_UNUSED_VARIABLE = YES;
				MACOSX_DEPLOYMENT_TARGET = 10.7;
				ONLY_ACTIVE_ARCH = YES;
				SDKROOT = macosx;
			};
			name = Debug;
		};
		22183B7C15D8888A00C7567A /* Release */ = {
			isa = XCBuildConfiguration;
			buildSettings = {
				ALWAYS_SEARCH_USER_PATHS = NO;
				ARCHS = "$(ARCHS_STANDARD_64_BIT)";
				COPY_PHASE_STRIP = YES;
				DEBUG_INFORMATION_FORMAT = "dwarf-with-dsym";
				GCC_C_LANGUAGE_STANDARD = gnu99;
				GCC_ENABLE_OBJC_EXCEPTIONS = YES;
				GCC_VERSION = com.apple.compilers.llvm.clang.1_0;
				GCC_WARN_64_TO_32_BIT_CONVERSION = YES;
				GCC_WARN_ABOUT_MISSING_PROTOTYPES = YES;
				GCC_WARN_ABOUT_RETURN_TYPE = YES;
				GCC_WARN_UNUSED_VARIABLE = YES;
				MACOSX_DEPLOYMENT_TARGET = 10.7;
				SDKROOT = macosx;
			};
			name = Release;
		};
		22183B7E15D8888A00C7567A /* Debug */ = {
			isa = XCBuildConfiguration;
			buildSettings = {
				ARCHS = "$(ARCHS_STANDARD_32_BIT)";
				PRODUCT_NAME = "$(TARGET_NAME)";
			};
			name = Debug;
		};
		22183B7F15D8888A00C7567A /* Release */ = {
			isa = XCBuildConfiguration;
			buildSettings = {
				ARCHS = "$(ARCHS_STANDARD_32_BIT)";
				PRODUCT_NAME = "$(TARGET_NAME)";
			};
			name = Release;
		};
/* End XCBuildConfiguration section */

/* Begin XCConfigurationList section */
		22183B6D15D8888A00C7567A /* Build configuration list for PBXProject "integration" */ = {
			isa = XCConfigurationList;
			buildConfigurations = (
				22183B7B15D8888A00C7567A /* Debug */,
				22183B7C15D8888A00C7567A /* Release */,
			);
			defaultConfigurationIsVisible = 0;
			defaultConfigurationName = Release;
		};
		22183B7D15D8888A00C7567A /* Build configuration list for PBXNativeTarget "integration" */ = {
			isa = XCConfigurationList;
			buildConfigurations = (
				22183B7E15D8888A00C7567A /* Debug */,
				22183B7F15D8888A00C7567A /* Release */,
			);
			defaultConfigurationIsVisible = 0;
			defaultConfigurationName = Release;
		};
/* End XCConfigurationList section */
	};
	rootObject = 22183B6A15D8888A00C7567A /* Project object */;
}
